
Microsoft Visual Studio Solution File, Format Version 12.00
# Visual Studio 15
VisualStudioVersion = 15.0.26730.12
MinimumVisualStudioVersion = 10.0.40219.1
Project("{FAE04EC0-301F-11D3-BF4B-00C04F79EFBC}") = "Networking.Client", "Networking.Client\Networking.Client.csproj", "{4945D82E-778E-4EBA-B636-BCC633565B0B}"
EndProject
Project("{FAE04EC0-301F-11D3-BF4B-00C04F79EFBC}") = "Networking.GuiClient", "Networking.GuiClient\Networking.GuiClient.csproj", "{822863F1-E7C9-4226-A374-AACFB41FC490}"
EndProject
Project("{FAE04EC0-301F-11D3-BF4B-00C04F79EFBC}") = "Networking", "Networking\Networking.csproj", "{5405C346-21C8-4E57-A921-996079B0DFEC}"
EndProject
Project("{FAE04EC0-301F-11D3-BF4B-00C04F79EFBC}") = "Networking.ConsoleApp", "Networking.ConsoleApp\Networking.ConsoleApp.csproj", "{7043EE8C-83BE-47C6-98BE-7C0FAAE6E92A}"
EndProject
Global
	GlobalSection(SolutionConfigurationPlatforms) = preSolution
		Debug|Any CPU = Debug|Any CPU
		Release|Any CPU = Release|Any CPU
	EndGlobalSection
	GlobalSection(ProjectConfigurationPlatforms) = postSolution
		{4945D82E-778E-4EBA-B636-BCC633565B0B}.Debug|Any CPU.ActiveCfg = Debug|Any CPU
		{4945D82E-778E-4EBA-B636-BCC633565B0B}.Debug|Any CPU.Build.0 = Debug|Any CPU
		{4945D82E-778E-4EBA-B636-BCC633565B0B}.Release|Any CPU.ActiveCfg = Release|Any CPU
		{4945D82E-778E-4EBA-B636-BCC633565B0B}.Release|Any CPU.Build.0 = Release|Any CPU
		{822863F1-E7C9-4226-A374-AACFB41FC490}.Debug|Any CPU.ActiveCfg = Debug|Any CPU
		{822863F1-E7C9-4226-A374-AACFB41FC490}.Debug|Any CPU.Build.0 = Debug|Any CPU
		{822863F1-E7C9-4226-A374-AACFB41FC490}.Release|Any CPU.ActiveCfg = Release|Any CPU
		{822863F1-E7C9-4226-A374-AACFB41FC490}.Release|Any CPU.Build.0 = Release|Any CPU
		{5405C346-21C8-4E57-A921-996079B0DFEC}.Debug|Any CPU.ActiveCfg = Debug|Any CPU
		{5405C346-21C8-4E57-A921-996079B0DFEC}.Debug|Any CPU.Build.0 = Debug|Any CPU
		{5405C346-21C8-4E57-A921-996079B0DFEC}.Release|Any CPU.ActiveCfg = Release|Any CPU
		{5405C346-21C8-4E57-A921-996079B0DFEC}.Release|Any CPU.Build.0 = Release|Any CPU
		{7043EE8C-83BE-47C6-98BE-7C0FAAE6E92A}.Debug|Any CPU.ActiveCfg = Debug|Any CPU
		{7043EE8C-83BE-47C6-98BE-7C0FAAE6E92A}.Debug|Any CPU.Build.0 = Debug|Any CPU
		{7043EE8C-83BE-47C6-98BE-7C0FAAE6E92A}.Release|Any CPU.ActiveCfg = Release|Any CPU
		{7043EE8C-83BE-47C6-98BE-7C0FAAE6E92A}.Release|Any CPU.Build.0 = Release|Any CPU
	EndGlobalSection
	GlobalSection(SolutionProperties) = preSolution
		HideSolutionNode = FALSE
	EndGlobalSection
	GlobalSection(ExtensibilityGlobals) = postSolution
		SolutionGuid = {9E5FE45F-103C-4C11-90A5-D24D8AAACB7A}
	EndGlobalSection
EndGlobal
